
Microsoft Visual Studio Solution File, Format Version 12.00
# Visual Studio Version 16
VisualStudioVersion = 16.0.29409.12
MinimumVisualStudioVersion = 15.0.26124.0
Project("{9A19103F-16F7-4668-BE54-9A1E7A4F7556}") = "Engine", "Engine\Engine.csproj", "{4667F8DE-9AF0-4D6A-A4F7-EF2FCC2683DD}"
EndProject
Project("{9A19103F-16F7-4668-BE54-9A1E7A4F7556}") = "EntityComponentSystemCSharp", "EntityComponentSystemCSharp\EntityComponentSystemCSharp.csproj", "{750ABA5F-14A1-4CA9-826C-F42F78BDE745}"
EndProject
Project("{9A19103F-16F7-4668-BE54-9A1E7A4F7556}") = "Portable", "Portable\Portable.csproj", "{5C3415F8-C59A-4C93-85FB-C373CBFF34FE}"
EndProject
Project("{9A19103F-16F7-4668-BE54-9A1E7A4F7556}") = "InventionUiWpf", "InventionUiWpf\InventionUiWpf.csproj", "{33F31A6A-45C9-4A16-AAEA-AFFE575D3C89}"
EndProject
Project("{9A19103F-16F7-4668-BE54-9A1E7A4F7556}") = "Contracts", "Contracts\Contracts.csproj", "{4C39707F-0B3B-4597-970F-F47A67331E84}"
EndProject
Project("{9A19103F-16F7-4668-BE54-9A1E7A4F7556}") = "FeatureDetector", "FeatureDetector\FeatureDetector.csproj", "{2C024C71-0EE7-47F8-8A69-6A84EDD1989F}"
EndProject
Project("{FAE04EC0-301F-11D3-BF4B-00C04F79EFBC}") = "InventionUiAndroid", "InventionUiAndroid\InventionUiAndroid.csproj", "{7FA2F095-811B-4018-8C3A-8A0E8E1453D5}"
EndProject
Project("{FAE04EC0-301F-11D3-BF4B-00C04F79EFBC}") = "InventionUiiOS", "InventionUiiOS\InventionUiiOS.csproj", "{F162B517-8CA6-43CA-A86C-611E6027AAE8}"
EndProject
Project("{FAE04EC0-301F-11D3-BF4B-00C04F79EFBC}") = "InventionUiUwp", "InventionUiUwp\InventionUiUwp.csproj", "{268B3734-8A91-42E7-B475-F429B924EE94}"
EndProject
Global
	GlobalSection(SolutionConfigurationPlatforms) = preSolution
		Debug|Any CPU = Debug|Any CPU
		Debug|ARM = Debug|ARM
		Debug|ARM64 = Debug|ARM64
		Debug|iPhone = Debug|iPhone
		Debug|iPhoneSimulator = Debug|iPhoneSimulator
		Debug|x64 = Debug|x64
		Debug|x86 = Debug|x86
		Release|Any CPU = Release|Any CPU
		Release|ARM = Release|ARM
		Release|ARM64 = Release|ARM64
		Release|iPhone = Release|iPhone
		Release|iPhoneSimulator = Release|iPhoneSimulator
		Release|x64 = Release|x64
		Release|x86 = Release|x86
	EndGlobalSection
	GlobalSection(ProjectConfigurationPlatforms) = postSolution
		{4667F8DE-9AF0-4D6A-A4F7-EF2FCC2683DD}.Debug|Any CPU.ActiveCfg = Debug|Any CPU
		{4667F8DE-9AF0-4D6A-A4F7-EF2FCC2683DD}.Debug|Any CPU.Build.0 = Debug|Any CPU
		{4667F8DE-9AF0-4D6A-A4F7-EF2FCC2683DD}.Debug|ARM.ActiveCfg = Debug|Any CPU
		{4667F8DE-9AF0-4D6A-A4F7-EF2FCC2683DD}.Debug|ARM.Build.0 = Debug|Any CPU
		{4667F8DE-9AF0-4D6A-A4F7-EF2FCC2683DD}.Debug|ARM64.ActiveCfg = Debug|Any CPU
		{4667F8DE-9AF0-4D6A-A4F7-EF2FCC2683DD}.Debug|ARM64.Build.0 = Debug|Any CPU
		{4667F8DE-9AF0-4D6A-A4F7-EF2FCC2683DD}.Debug|iPhone.ActiveCfg = Debug|Any CPU
		{4667F8DE-9AF0-4D6A-A4F7-EF2FCC2683DD}.Debug|iPhone.Build.0 = Debug|Any CPU
		{4667F8DE-9AF0-4D6A-A4F7-EF2FCC2683DD}.Debug|iPhoneSimulator.ActiveCfg = Debug|Any CPU
		{4667F8DE-9AF0-4D6A-A4F7-EF2FCC2683DD}.Debug|iPhoneSimulator.Build.0 = Debug|Any CPU
		{4667F8DE-9AF0-4D6A-A4F7-EF2FCC2683DD}.Debug|x64.ActiveCfg = Debug|Any CPU
		{4667F8DE-9AF0-4D6A-A4F7-EF2FCC2683DD}.Debug|x64.Build.0 = Debug|Any CPU
		{4667F8DE-9AF0-4D6A-A4F7-EF2FCC2683DD}.Debug|x86.ActiveCfg = Debug|Any CPU
		{4667F8DE-9AF0-4D6A-A4F7-EF2FCC2683DD}.Debug|x86.Build.0 = Debug|Any CPU
		{4667F8DE-9AF0-4D6A-A4F7-EF2FCC2683DD}.Release|Any CPU.ActiveCfg = Release|Any CPU
		{4667F8DE-9AF0-4D6A-A4F7-EF2FCC2683DD}.Release|Any CPU.Build.0 = Release|Any CPU
		{4667F8DE-9AF0-4D6A-A4F7-EF2FCC2683DD}.Release|ARM.ActiveCfg = Release|Any CPU
		{4667F8DE-9AF0-4D6A-A4F7-EF2FCC2683DD}.Release|ARM.Build.0 = Release|Any CPU
		{4667F8DE-9AF0-4D6A-A4F7-EF2FCC2683DD}.Release|ARM64.ActiveCfg = Release|Any CPU
		{4667F8DE-9AF0-4D6A-A4F7-EF2FCC2683DD}.Release|ARM64.Build.0 = Release|Any CPU
		{4667F8DE-9AF0-4D6A-A4F7-EF2FCC2683DD}.Release|iPhone.ActiveCfg = Release|Any CPU
		{4667F8DE-9AF0-4D6A-A4F7-EF2FCC2683DD}.Release|iPhone.Build.0 = Release|Any CPU
		{4667F8DE-9AF0-4D6A-A4F7-EF2FCC2683DD}.Release|iPhoneSimulator.ActiveCfg = Release|Any CPU
		{4667F8DE-9AF0-4D6A-A4F7-EF2FCC2683DD}.Release|iPhoneSimulator.Build.0 = Release|Any CPU
		{4667F8DE-9AF0-4D6A-A4F7-EF2FCC2683DD}.Release|x64.ActiveCfg = Release|Any CPU
		{4667F8DE-9AF0-4D6A-A4F7-EF2FCC2683DD}.Release|x64.Build.0 = Release|Any CPU
		{4667F8DE-9AF0-4D6A-A4F7-EF2FCC2683DD}.Release|x86.ActiveCfg = Release|Any CPU
		{4667F8DE-9AF0-4D6A-A4F7-EF2FCC2683DD}.Release|x86.Build.0 = Release|Any CPU
		{750ABA5F-14A1-4CA9-826C-F42F78BDE745}.Debug|Any CPU.ActiveCfg = Debug|Any CPU
		{750ABA5F-14A1-4CA9-826C-F42F78BDE745}.Debug|Any CPU.Build.0 = Debug|Any CPU
		{750ABA5F-14A1-4CA9-826C-F42F78BDE745}.Debug|ARM.ActiveCfg = Debug|Any CPU
		{750ABA5F-14A1-4CA9-826C-F42F78BDE745}.Debug|ARM.Build.0 = Debug|Any CPU
		{750ABA5F-14A1-4CA9-826C-F42F78BDE745}.Debug|ARM64.ActiveCfg = Debug|Any CPU
		{750ABA5F-14A1-4CA9-826C-F42F78BDE745}.Debug|ARM64.Build.0 = Debug|Any CPU
		{750ABA5F-14A1-4CA9-826C-F42F78BDE745}.Debug|iPhone.ActiveCfg = Debug|Any CPU
		{750ABA5F-14A1-4CA9-826C-F42F78BDE745}.Debug|iPhone.Build.0 = Debug|Any CPU
		{750ABA5F-14A1-4CA9-826C-F42F78BDE745}.Debug|iPhoneSimulator.ActiveCfg = Debug|Any CPU
		{750ABA5F-14A1-4CA9-826C-F42F78BDE745}.Debug|iPhoneSimulator.Build.0 = Debug|Any CPU
		{750ABA5F-14A1-4CA9-826C-F42F78BDE745}.Debug|x64.ActiveCfg = Debug|Any CPU
		{750ABA5F-14A1-4CA9-826C-F42F78BDE745}.Debug|x64.Build.0 = Debug|Any CPU
		{750ABA5F-14A1-4CA9-826C-F42F78BDE745}.Debug|x86.ActiveCfg = Debug|Any CPU
		{750ABA5F-14A1-4CA9-826C-F42F78BDE745}.Debug|x86.Build.0 = Debug|Any CPU
		{750ABA5F-14A1-4CA9-826C-F42F78BDE745}.Release|Any CPU.ActiveCfg = Release|Any CPU
		{750ABA5F-14A1-4CA9-826C-F42F78BDE745}.Release|Any CPU.Build.0 = Release|Any CPU
		{750ABA5F-14A1-4CA9-826C-F42F78BDE745}.Release|ARM.ActiveCfg = Release|Any CPU
		{750ABA5F-14A1-4CA9-826C-F42F78BDE745}.Release|ARM.Build.0 = Release|Any CPU
		{750ABA5F-14A1-4CA9-826C-F42F78BDE745}.Release|ARM64.ActiveCfg = Release|Any CPU
		{750ABA5F-14A1-4CA9-826C-F42F78BDE745}.Release|ARM64.Build.0 = Release|Any CPU
		{750ABA5F-14A1-4CA9-826C-F42F78BDE745}.Release|iPhone.ActiveCfg = Release|Any CPU
		{750ABA5F-14A1-4CA9-826C-F42F78BDE745}.Release|iPhone.Build.0 = Release|Any CPU
		{750ABA5F-14A1-4CA9-826C-F42F78BDE745}.Release|iPhoneSimulator.ActiveCfg = Release|Any CPU
		{750ABA5F-14A1-4CA9-826C-F42F78BDE745}.Release|iPhoneSimulator.Build.0 = Release|Any CPU
		{750ABA5F-14A1-4CA9-826C-F42F78BDE745}.Release|x64.ActiveCfg = Release|Any CPU
		{750ABA5F-14A1-4CA9-826C-F42F78BDE745}.Release|x64.Build.0 = Release|Any CPU
		{750ABA5F-14A1-4CA9-826C-F42F78BDE745}.Release|x86.ActiveCfg = Release|Any CPU
		{750ABA5F-14A1-4CA9-826C-F42F78BDE745}.Release|x86.Build.0 = Release|Any CPU
		{5C3415F8-C59A-4C93-85FB-C373CBFF34FE}.Debug|Any CPU.ActiveCfg = Debug|Any CPU
		{5C3415F8-C59A-4C93-85FB-C373CBFF34FE}.Debug|Any CPU.Build.0 = Debug|Any CPU
		{5C3415F8-C59A-4C93-85FB-C373CBFF34FE}.Debug|ARM.ActiveCfg = Debug|Any CPU
		{5C3415F8-C59A-4C93-85FB-C373CBFF34FE}.Debug|ARM.Build.0 = Debug|Any CPU
		{5C3415F8-C59A-4C93-85FB-C373CBFF34FE}.Debug|ARM64.ActiveCfg = Debug|Any CPU
		{5C3415F8-C59A-4C93-85FB-C373CBFF34FE}.Debug|ARM64.Build.0 = Debug|Any CPU
		{5C3415F8-C59A-4C93-85FB-C373CBFF34FE}.Debug|iPhone.ActiveCfg = Debug|Any CPU
		{5C3415F8-C59A-4C93-85FB-C373CBFF34FE}.Debug|iPhone.Build.0 = Debug|Any CPU
		{5C3415F8-C59A-4C93-85FB-C373CBFF34FE}.Debug|iPhoneSimulator.ActiveCfg = Debug|Any CPU
		{5C3415F8-C59A-4C93-85FB-C373CBFF34FE}.Debug|iPhoneSimulator.Build.0 = Debug|Any CPU
		{5C3415F8-C59A-4C93-85FB-C373CBFF34FE}.Debug|x64.ActiveCfg = Debug|Any CPU
		{5C3415F8-C59A-4C93-85FB-C373CBFF34FE}.Debug|x64.Build.0 = Debug|Any CPU
		{5C3415F8-C59A-4C93-85FB-C373CBFF34FE}.Debug|x86.ActiveCfg = Debug|Any CPU
		{5C3415F8-C59A-4C93-85FB-C373CBFF34FE}.Debug|x86.Build.0 = Debug|Any CPU
		{5C3415F8-C59A-4C93-85FB-C373CBFF34FE}.Release|Any CPU.ActiveCfg = Release|Any CPU
		{5C3415F8-C59A-4C93-85FB-C373CBFF34FE}.Release|Any CPU.Build.0 = Release|Any CPU
		{5C3415F8-C59A-4C93-85FB-C373CBFF34FE}.Release|ARM.ActiveCfg = Release|Any CPU
		{5C3415F8-C59A-4C93-85FB-C373CBFF34FE}.Release|ARM.Build.0 = Release|Any CPU
		{5C3415F8-C59A-4C93-85FB-C373CBFF34FE}.Release|ARM64.ActiveCfg = Release|Any CPU
		{5C3415F8-C59A-4C93-85FB-C373CBFF34FE}.Release|ARM64.Build.0 = Release|Any CPU
		{5C3415F8-C59A-4C93-85FB-C373CBFF34FE}.Release|iPhone.ActiveCfg = Release|Any CPU
		{5C3415F8-C59A-4C93-85FB-C373CBFF34FE}.Release|iPhone.Build.0 = Release|Any CPU
		{5C3415F8-C59A-4C93-85FB-C373CBFF34FE}.Release|iPhoneSimulator.ActiveCfg = Release|Any CPU
		{5C3415F8-C59A-4C93-85FB-C373CBFF34FE}.Release|iPhoneSimulator.Build.0 = Release|Any CPU
		{5C3415F8-C59A-4C93-85FB-C373CBFF34FE}.Release|x64.ActiveCfg = Release|Any CPU
		{5C3415F8-C59A-4C93-85FB-C373CBFF34FE}.Release|x64.Build.0 = Release|Any CPU
		{5C3415F8-C59A-4C93-85FB-C373CBFF34FE}.Release|x86.ActiveCfg = Release|Any CPU
		{5C3415F8-C59A-4C93-85FB-C373CBFF34FE}.Release|x86.Build.0 = Release|Any CPU
		{33F31A6A-45C9-4A16-AAEA-AFFE575D3C89}.Debug|Any CPU.ActiveCfg = Debug|Any CPU
		{33F31A6A-45C9-4A16-AAEA-AFFE575D3C89}.Debug|Any CPU.Build.0 = Debug|Any CPU
		{33F31A6A-45C9-4A16-AAEA-AFFE575D3C89}.Debug|ARM.ActiveCfg = Debug|Any CPU
		{33F31A6A-45C9-4A16-AAEA-AFFE575D3C89}.Debug|ARM.Build.0 = Debug|Any CPU
		{33F31A6A-45C9-4A16-AAEA-AFFE575D3C89}.Debug|ARM64.ActiveCfg = Debug|Any CPU
		{33F31A6A-45C9-4A16-AAEA-AFFE575D3C89}.Debug|ARM64.Build.0 = Debug|Any CPU
		{33F31A6A-45C9-4A16-AAEA-AFFE575D3C89}.Debug|iPhone.ActiveCfg = Debug|Any CPU
		{33F31A6A-45C9-4A16-AAEA-AFFE575D3C89}.Debug|iPhone.Build.0 = Debug|Any CPU
		{33F31A6A-45C9-4A16-AAEA-AFFE575D3C89}.Debug|iPhoneSimulator.ActiveCfg = Debug|Any CPU
		{33F31A6A-45C9-4A16-AAEA-AFFE575D3C89}.Debug|iPhoneSimulator.Build.0 = Debug|Any CPU
		{33F31A6A-45C9-4A16-AAEA-AFFE575D3C89}.Debug|x64.ActiveCfg = Debug|Any CPU
		{33F31A6A-45C9-4A16-AAEA-AFFE575D3C89}.Debug|x64.Build.0 = Debug|Any CPU
		{33F31A6A-45C9-4A16-AAEA-AFFE575D3C89}.Debug|x86.ActiveCfg = Debug|Any CPU
		{33F31A6A-45C9-4A16-AAEA-AFFE575D3C89}.Debug|x86.Build.0 = Debug|Any CPU
		{33F31A6A-45C9-4A16-AAEA-AFFE575D3C89}.Release|Any CPU.ActiveCfg = Release|Any CPU
		{33F31A6A-45C9-4A16-AAEA-AFFE575D3C89}.Release|Any CPU.Build.0 = Release|Any CPU
		{33F31A6A-45C9-4A16-AAEA-AFFE575D3C89}.Release|ARM.ActiveCfg = Release|Any CPU
		{33F31A6A-45C9-4A16-AAEA-AFFE575D3C89}.Release|ARM.Build.0 = Release|Any CPU
		{33F31A6A-45C9-4A16-AAEA-AFFE575D3C89}.Release|ARM64.ActiveCfg = Release|Any CPU
		{33F31A6A-45C9-4A16-AAEA-AFFE575D3C89}.Release|ARM64.Build.0 = Release|Any CPU
		{33F31A6A-45C9-4A16-AAEA-AFFE575D3C89}.Release|iPhone.ActiveCfg = Release|Any CPU
		{33F31A6A-45C9-4A16-AAEA-AFFE575D3C89}.Release|iPhone.Build.0 = Release|Any CPU
		{33F31A6A-45C9-4A16-AAEA-AFFE575D3C89}.Release|iPhoneSimulator.ActiveCfg = Release|Any CPU
		{33F31A6A-45C9-4A16-AAEA-AFFE575D3C89}.Release|iPhoneSimulator.Build.0 = Release|Any CPU
		{33F31A6A-45C9-4A16-AAEA-AFFE575D3C89}.Release|x64.ActiveCfg = Release|Any CPU
		{33F31A6A-45C9-4A16-AAEA-AFFE575D3C89}.Release|x64.Build.0 = Release|Any CPU
		{33F31A6A-45C9-4A16-AAEA-AFFE575D3C89}.Release|x86.ActiveCfg = Release|Any CPU
		{33F31A6A-45C9-4A16-AAEA-AFFE575D3C89}.Release|x86.Build.0 = Release|Any CPU
		{4C39707F-0B3B-4597-970F-F47A67331E84}.Debug|Any CPU.ActiveCfg = Debug|Any CPU
		{4C39707F-0B3B-4597-970F-F47A67331E84}.Debug|Any CPU.Build.0 = Debug|Any CPU
		{4C39707F-0B3B-4597-970F-F47A67331E84}.Debug|ARM.ActiveCfg = Debug|Any CPU
		{4C39707F-0B3B-4597-970F-F47A67331E84}.Debug|ARM.Build.0 = Debug|Any CPU
		{4C39707F-0B3B-4597-970F-F47A67331E84}.Debug|ARM64.ActiveCfg = Debug|Any CPU
		{4C39707F-0B3B-4597-970F-F47A67331E84}.Debug|ARM64.Build.0 = Debug|Any CPU
		{4C39707F-0B3B-4597-970F-F47A67331E84}.Debug|iPhone.ActiveCfg = Debug|Any CPU
		{4C39707F-0B3B-4597-970F-F47A67331E84}.Debug|iPhone.Build.0 = Debug|Any CPU
		{4C39707F-0B3B-4597-970F-F47A67331E84}.Debug|iPhoneSimulator.ActiveCfg = Debug|Any CPU
		{4C39707F-0B3B-4597-970F-F47A67331E84}.Debug|iPhoneSimulator.Build.0 = Debug|Any CPU
		{4C39707F-0B3B-4597-970F-F47A67331E84}.Debug|x64.ActiveCfg = Debug|Any CPU
		{4C39707F-0B3B-4597-970F-F47A67331E84}.Debug|x64.Build.0 = Debug|Any CPU
		{4C39707F-0B3B-4597-970F-F47A67331E84}.Debug|x86.ActiveCfg = Debug|Any CPU
		{4C39707F-0B3B-4597-970F-F47A67331E84}.Debug|x86.Build.0 = Debug|Any CPU
		{4C39707F-0B3B-4597-970F-F47A67331E84}.Release|Any CPU.ActiveCfg = Release|Any CPU
		{4C39707F-0B3B-4597-970F-F47A67331E84}.Release|Any CPU.Build.0 = Release|Any CPU
		{4C39707F-0B3B-4597-970F-F47A67331E84}.Release|ARM.ActiveCfg = Release|Any CPU
		{4C39707F-0B3B-4597-970F-F47A67331E84}.Release|ARM.Build.0 = Release|Any CPU
		{4C39707F-0B3B-4597-970F-F47A67331E84}.Release|ARM64.ActiveCfg = Release|Any CPU
		{4C39707F-0B3B-4597-970F-F47A67331E84}.Release|ARM64.Build.0 = Release|Any CPU
		{4C39707F-0B3B-4597-970F-F47A67331E84}.Release|iPhone.ActiveCfg = Release|Any CPU
		{4C39707F-0B3B-4597-970F-F47A67331E84}.Release|iPhone.Build.0 = Release|Any CPU
		{4C39707F-0B3B-4597-970F-F47A67331E84}.Release|iPhoneSimulator.ActiveCfg = Release|Any CPU
		{4C39707F-0B3B-4597-970F-F47A67331E84}.Release|iPhoneSimulator.Build.0 = Release|Any CPU
		{4C39707F-0B3B-4597-970F-F47A67331E84}.Release|x64.ActiveCfg = Release|Any CPU
		{4C39707F-0B3B-4597-970F-F47A67331E84}.Release|x64.Build.0 = Release|Any CPU
		{4C39707F-0B3B-4597-970F-F47A67331E84}.Release|x86.ActiveCfg = Release|Any CPU
		{4C39707F-0B3B-4597-970F-F47A67331E84}.Release|x86.Build.0 = Release|Any CPU
		{2C024C71-0EE7-47F8-8A69-6A84EDD1989F}.Debug|Any CPU.ActiveCfg = Debug|Any CPU
		{2C024C71-0EE7-47F8-8A69-6A84EDD1989F}.Debug|Any CPU.Build.0 = Debug|Any CPU
		{2C024C71-0EE7-47F8-8A69-6A84EDD1989F}.Debug|ARM.ActiveCfg = Debug|Any CPU
		{2C024C71-0EE7-47F8-8A69-6A84EDD1989F}.Debug|ARM.Build.0 = Debug|Any CPU
		{2C024C71-0EE7-47F8-8A69-6A84EDD1989F}.Debug|ARM64.ActiveCfg = Debug|Any CPU
		{2C024C71-0EE7-47F8-8A69-6A84EDD1989F}.Debug|ARM64.Build.0 = Debug|Any CPU
		{2C024C71-0EE7-47F8-8A69-6A84EDD1989F}.Debug|iPhone.ActiveCfg = Debug|Any CPU
		{2C024C71-0EE7-47F8-8A69-6A84EDD1989F}.Debug|iPhone.Build.0 = Debug|Any CPU
		{2C024C71-0EE7-47F8-8A69-6A84EDD1989F}.Debug|iPhoneSimulator.ActiveCfg = Debug|Any CPU
		{2C024C71-0EE7-47F8-8A69-6A84EDD1989F}.Debug|iPhoneSimulator.Build.0 = Debug|Any CPU
		{2C024C71-0EE7-47F8-8A69-6A84EDD1989F}.Debug|x64.ActiveCfg = Debug|Any CPU
		{2C024C71-0EE7-47F8-8A69-6A84EDD1989F}.Debug|x64.Build.0 = Debug|Any CPU
		{2C024C71-0EE7-47F8-8A69-6A84EDD1989F}.Debug|x86.ActiveCfg = Debug|Any CPU
		{2C024C71-0EE7-47F8-8A69-6A84EDD1989F}.Debug|x86.Build.0 = Debug|Any CPU
		{2C024C71-0EE7-47F8-8A69-6A84EDD1989F}.Release|Any CPU.ActiveCfg = Release|Any CPU
		{2C024C71-0EE7-47F8-8A69-6A84EDD1989F}.Release|Any CPU.Build.0 = Release|Any CPU
		{2C024C71-0EE7-47F8-8A69-6A84EDD1989F}.Release|ARM.ActiveCfg = Release|Any CPU
		{2C024C71-0EE7-47F8-8A69-6A84EDD1989F}.Release|ARM.Build.0 = Release|Any CPU
		{2C024C71-0EE7-47F8-8A69-6A84EDD1989F}.Release|ARM64.ActiveCfg = Release|Any CPU
		{2C024C71-0EE7-47F8-8A69-6A84EDD1989F}.Release|ARM64.Build.0 = Release|Any CPU
		{2C024C71-0EE7-47F8-8A69-6A84EDD1989F}.Release|iPhone.ActiveCfg = Release|Any CPU
		{2C024C71-0EE7-47F8-8A69-6A84EDD1989F}.Release|iPhone.Build.0 = Release|Any CPU
		{2C024C71-0EE7-47F8-8A69-6A84EDD1989F}.Release|iPhoneSimulator.ActiveCfg = Release|Any CPU
		{2C024C71-0EE7-47F8-8A69-6A84EDD1989F}.Release|iPhoneSimulator.Build.0 = Release|Any CPU
		{2C024C71-0EE7-47F8-8A69-6A84EDD1989F}.Release|x64.ActiveCfg = Release|Any CPU
		{2C024C71-0EE7-47F8-8A69-6A84EDD1989F}.Release|x64.Build.0 = Release|Any CPU
		{2C024C71-0EE7-47F8-8A69-6A84EDD1989F}.Release|x86.ActiveCfg = Release|Any CPU
		{2C024C71-0EE7-47F8-8A69-6A84EDD1989F}.Release|x86.Build.0 = Release|Any CPU
		{7FA2F095-811B-4018-8C3A-8A0E8E1453D5}.Debug|Any CPU.ActiveCfg = Debug|Any CPU
		{7FA2F095-811B-4018-8C3A-8A0E8E1453D5}.Debug|Any CPU.Build.0 = Debug|Any CPU
		{7FA2F095-811B-4018-8C3A-8A0E8E1453D5}.Debug|Any CPU.Deploy.0 = Debug|Any CPU
		{7FA2F095-811B-4018-8C3A-8A0E8E1453D5}.Debug|ARM.ActiveCfg = Debug|Any CPU
		{7FA2F095-811B-4018-8C3A-8A0E8E1453D5}.Debug|ARM.Build.0 = Debug|Any CPU
		{7FA2F095-811B-4018-8C3A-8A0E8E1453D5}.Debug|ARM.Deploy.0 = Debug|Any CPU
		{7FA2F095-811B-4018-8C3A-8A0E8E1453D5}.Debug|ARM64.ActiveCfg = Debug|Any CPU
		{7FA2F095-811B-4018-8C3A-8A0E8E1453D5}.Debug|ARM64.Build.0 = Debug|Any CPU
		{7FA2F095-811B-4018-8C3A-8A0E8E1453D5}.Debug|ARM64.Deploy.0 = Debug|Any CPU
		{7FA2F095-811B-4018-8C3A-8A0E8E1453D5}.Debug|iPhone.ActiveCfg = Debug|Any CPU
		{7FA2F095-811B-4018-8C3A-8A0E8E1453D5}.Debug|iPhone.Build.0 = Debug|Any CPU
		{7FA2F095-811B-4018-8C3A-8A0E8E1453D5}.Debug|iPhone.Deploy.0 = Debug|Any CPU
		{7FA2F095-811B-4018-8C3A-8A0E8E1453D5}.Debug|iPhoneSimulator.ActiveCfg = Debug|Any CPU
		{7FA2F095-811B-4018-8C3A-8A0E8E1453D5}.Debug|iPhoneSimulator.Build.0 = Debug|Any CPU
		{7FA2F095-811B-4018-8C3A-8A0E8E1453D5}.Debug|iPhoneSimulator.Deploy.0 = Debug|Any CPU
		{7FA2F095-811B-4018-8C3A-8A0E8E1453D5}.Debug|x64.ActiveCfg = Debug|Any CPU
		{7FA2F095-811B-4018-8C3A-8A0E8E1453D5}.Debug|x64.Build.0 = Debug|Any CPU
		{7FA2F095-811B-4018-8C3A-8A0E8E1453D5}.Debug|x64.Deploy.0 = Debug|Any CPU
		{7FA2F095-811B-4018-8C3A-8A0E8E1453D5}.Debug|x86.ActiveCfg = Debug|Any CPU
		{7FA2F095-811B-4018-8C3A-8A0E8E1453D5}.Debug|x86.Build.0 = Debug|Any CPU
		{7FA2F095-811B-4018-8C3A-8A0E8E1453D5}.Debug|x86.Deploy.0 = Debug|Any CPU
		{7FA2F095-811B-4018-8C3A-8A0E8E1453D5}.Release|Any CPU.ActiveCfg = Release|Any CPU
		{7FA2F095-811B-4018-8C3A-8A0E8E1453D5}.Release|Any CPU.Build.0 = Release|Any CPU
		{7FA2F095-811B-4018-8C3A-8A0E8E1453D5}.Release|Any CPU.Deploy.0 = Release|Any CPU
		{7FA2F095-811B-4018-8C3A-8A0E8E1453D5}.Release|ARM.ActiveCfg = Release|Any CPU
		{7FA2F095-811B-4018-8C3A-8A0E8E1453D5}.Release|ARM.Build.0 = Release|Any CPU
		{7FA2F095-811B-4018-8C3A-8A0E8E1453D5}.Release|ARM.Deploy.0 = Release|Any CPU
		{7FA2F095-811B-4018-8C3A-8A0E8E1453D5}.Release|ARM64.ActiveCfg = Release|Any CPU
		{7FA2F095-811B-4018-8C3A-8A0E8E1453D5}.Release|ARM64.Build.0 = Release|Any CPU
		{7FA2F095-811B-4018-8C3A-8A0E8E1453D5}.Release|ARM64.Deploy.0 = Release|Any CPU
		{7FA2F095-811B-4018-8C3A-8A0E8E1453D5}.Release|iPhone.ActiveCfg = Release|Any CPU
		{7FA2F095-811B-4018-8C3A-8A0E8E1453D5}.Release|iPhone.Build.0 = Release|Any CPU
		{7FA2F095-811B-4018-8C3A-8A0E8E1453D5}.Release|iPhone.Deploy.0 = Release|Any CPU
		{7FA2F095-811B-4018-8C3A-8A0E8E1453D5}.Release|iPhoneSimulator.ActiveCfg = Release|Any CPU
		{7FA2F095-811B-4018-8C3A-8A0E8E1453D5}.Release|iPhoneSimulator.Build.0 = Release|Any CPU
		{7FA2F095-811B-4018-8C3A-8A0E8E1453D5}.Release|iPhoneSimulator.Deploy.0 = Release|Any CPU
		{7FA2F095-811B-4018-8C3A-8A0E8E1453D5}.Release|x64.ActiveCfg = Release|Any CPU
		{7FA2F095-811B-4018-8C3A-8A0E8E1453D5}.Release|x64.Build.0 = Release|Any CPU
		{7FA2F095-811B-4018-8C3A-8A0E8E1453D5}.Release|x64.Deploy.0 = Release|Any CPU
		{7FA2F095-811B-4018-8C3A-8A0E8E1453D5}.Release|x86.ActiveCfg = Release|Any CPU
		{7FA2F095-811B-4018-8C3A-8A0E8E1453D5}.Release|x86.Build.0 = Release|Any CPU
		{7FA2F095-811B-4018-8C3A-8A0E8E1453D5}.Release|x86.Deploy.0 = Release|Any CPU
		{F162B517-8CA6-43CA-A86C-611E6027AAE8}.Debug|Any CPU.ActiveCfg = Debug|iPhone
		{F162B517-8CA6-43CA-A86C-611E6027AAE8}.Debug|ARM.ActiveCfg = Debug|iPhoneSimulator
		{F162B517-8CA6-43CA-A86C-611E6027AAE8}.Debug|ARM64.ActiveCfg = Debug|iPhoneSimulator
		{F162B517-8CA6-43CA-A86C-611E6027AAE8}.Debug|iPhone.ActiveCfg = Debug|iPhone
		{F162B517-8CA6-43CA-A86C-611E6027AAE8}.Debug|iPhone.Build.0 = Debug|iPhone
		{F162B517-8CA6-43CA-A86C-611E6027AAE8}.Debug|iPhoneSimulator.ActiveCfg = Debug|iPhoneSimulator
		{F162B517-8CA6-43CA-A86C-611E6027AAE8}.Debug|iPhoneSimulator.Build.0 = Debug|iPhoneSimulator
		{F162B517-8CA6-43CA-A86C-611E6027AAE8}.Debug|x64.ActiveCfg = Debug|iPhone
		{F162B517-8CA6-43CA-A86C-611E6027AAE8}.Debug|x86.ActiveCfg = Debug|iPhone
		{F162B517-8CA6-43CA-A86C-611E6027AAE8}.Release|Any CPU.ActiveCfg = Release|iPhone
		{F162B517-8CA6-43CA-A86C-611E6027AAE8}.Release|ARM.ActiveCfg = Release|iPhoneSimulator
		{F162B517-8CA6-43CA-A86C-611E6027AAE8}.Release|ARM64.ActiveCfg = Release|iPhoneSimulator
		{F162B517-8CA6-43CA-A86C-611E6027AAE8}.Release|iPhone.ActiveCfg = Release|iPhone
		{F162B517-8CA6-43CA-A86C-611E6027AAE8}.Release|iPhone.Build.0 = Release|iPhone
		{F162B517-8CA6-43CA-A86C-611E6027AAE8}.Release|iPhoneSimulator.ActiveCfg = Release|iPhoneSimulator
		{F162B517-8CA6-43CA-A86C-611E6027AAE8}.Release|iPhoneSimulator.Build.0 = Release|iPhoneSimulator
		{F162B517-8CA6-43CA-A86C-611E6027AAE8}.Release|x64.ActiveCfg = Release|iPhone
		{F162B517-8CA6-43CA-A86C-611E6027AAE8}.Release|x86.ActiveCfg = Release|iPhone
		{268B3734-8A91-42E7-B475-F429B924EE94}.Debug|Any CPU.ActiveCfg = Debug|x86
		{268B3734-8A91-42E7-B475-F429B924EE94}.Debug|ARM.ActiveCfg = Debug|ARM
		{268B3734-8A91-42E7-B475-F429B924EE94}.Debug|ARM.Build.0 = Debug|ARM
		{268B3734-8A91-42E7-B475-F429B924EE94}.Debug|ARM.Deploy.0 = Debug|ARM
		{268B3734-8A91-42E7-B475-F429B924EE94}.Debug|ARM64.ActiveCfg = Debug|ARM64
		{268B3734-8A91-42E7-B475-F429B924EE94}.Debug|ARM64.Build.0 = Debug|ARM64
		{268B3734-8A91-42E7-B475-F429B924EE94}.Debug|ARM64.Deploy.0 = Debug|ARM64
		{268B3734-8A91-42E7-B475-F429B924EE94}.Debug|iPhone.ActiveCfg = Debug|x86
		{268B3734-8A91-42E7-B475-F429B924EE94}.Debug|iPhoneSimulator.ActiveCfg = Debug|x86
		{268B3734-8A91-42E7-B475-F429B924EE94}.Debug|x64.ActiveCfg = Debug|x64
		{268B3734-8A91-42E7-B475-F429B924EE94}.Debug|x64.Build.0 = Debug|x64
		{268B3734-8A91-42E7-B475-F429B924EE94}.Debug|x64.Deploy.0 = Debug|x64
		{268B3734-8A91-42E7-B475-F429B924EE94}.Debug|x86.ActiveCfg = Debug|x86
		{268B3734-8A91-42E7-B475-F429B924EE94}.Debug|x86.Build.0 = Debug|x86
		{268B3734-8A91-42E7-B475-F429B924EE94}.Debug|x86.Deploy.0 = Debug|x86
		{268B3734-8A91-42E7-B475-F429B924EE94}.Release|Any CPU.ActiveCfg = Release|x86
		{268B3734-8A91-42E7-B475-F429B924EE94}.Release|ARM.ActiveCfg = Release|ARM
		{268B3734-8A91-42E7-B475-F429B924EE94}.Release|ARM.Build.0 = Release|ARM
		{268B3734-8A91-42E7-B475-F429B924EE94}.Release|ARM.Deploy.0 = Release|ARM
		{268B3734-8A91-42E7-B475-F429B924EE94}.Release|ARM64.ActiveCfg = Release|ARM64
		{268B3734-8A91-42E7-B475-F429B924EE94}.Release|ARM64.Build.0 = Release|ARM64
		{268B3734-8A91-42E7-B475-F429B924EE94}.Release|ARM64.Deploy.0 = Release|ARM64
		{268B3734-8A91-42E7-B475-F429B924EE94}.Release|iPhone.ActiveCfg = Release|x86
		{268B3734-8A91-42E7-B475-F429B924EE94}.Release|iPhoneSimulator.ActiveCfg = Release|x86
		{268B3734-8A91-42E7-B475-F429B924EE94}.Release|x64.ActiveCfg = Release|x64
		{268B3734-8A91-42E7-B475-F429B924EE94}.Release|x64.Build.0 = Release|x64
		{268B3734-8A91-42E7-B475-F429B924EE94}.Release|x64.Deploy.0 = Release|x64
		{268B3734-8A91-42E7-B475-F429B924EE94}.Release|x86.ActiveCfg = Release|x86
		{268B3734-8A91-42E7-B475-F429B924EE94}.Release|x86.Build.0 = Release|x86
		{268B3734-8A91-42E7-B475-F429B924EE94}.Release|x86.Deploy.0 = Release|x86
	EndGlobalSection
	GlobalSection(SolutionProperties) = preSolution
		HideSolutionNode = FALSE
	EndGlobalSection
	GlobalSection(ExtensibilityGlobals) = postSolution
		SolutionGuid = {A489BC85-1997-40D4-A065-E0FF83D70612}
	EndGlobalSection
EndGlobal
